{
  "name": "v1-starter",
  "lockfileVersion": 3,
  "requires": true,
  "packages": {
    "": {
      "name": "v1-starter",
      "devDependencies": {
        "@lakesbim/velox": "^0.18.0"
      }
    },
    "node_modules/@lakesbim/velox": {
      "version": "0.18.0",
      "resolved": "https://registry.npmjs.org/@lakesbim/velox/-/velox-0.18.0.tgz",
      "integrity": "sha512-8vEjKacKPjbQmVR20yabTXKlR6NWDalidswksX3SPAvw5FcfyCrpVH49bwxRQlDAMQdfzBI+7RCY3E/hyUQH0Q==",
      "dev": true,
      "license": "ISC",
      "bin": {
        "velox": "dist/cli.js"
      }
    }
  }
}
